{
  "version": 4,
  "terraform_version": "0.14.0",
  "serial": 679,
  "lineage": "b7e34132-fc0d-42a9-2f75-cacebb46a450",
  "outputs": {
    "ws_url": {
      "value": "wss://p9yktpi0r8.execute-api.us-west-2.amazonaws.com/getword",
      "type": "string"
    }
  },
  "resources": [
    {
      "mode": "managed",
      "type": "aws_apigatewayv2_api",
      "name": "words_ws_api",
      "provider": "provider[\"registry.terraform.io/hashicorp/aws\"]",
      "instances": [
        {
          "schema_version": 0,
          "attributes": {
            "api_endpoint": "wss://p9yktpi0r8.execute-api.us-west-2.amazonaws.com",
            "api_key_selection_expression": "$request.header.x-api-key",
            "arn": "arn:aws:apigateway:us-west-2::/apis/p9yktpi0r8",
            "body": null,
            "cors_configuration": [],
            "credentials_arn": null,
            "description": "Websocket endpoint to select wprds from dynamodb using lambda",
            "disable_execute_api_endpoint": false,
            "execution_arn": "arn:aws:execute-api:us-west-2:248836363492:p9yktpi0r8",
            "id": "p9yktpi0r8",
            "name": "word-web-socket",
            "protocol_type": "WEBSOCKET",
            "route_key": null,
            "route_selection_expression": "$request.body.action",
            "tags": null,
            "target": null,
            "version": ""
          },
          "sensitive_attributes": [],
          "private": "bnVsbA=="
        }
      ]
    },
    {
      "mode": "managed",
      "type": "aws_apigatewayv2_integration",
      "name": "words_integration",
      "provider": "provider[\"registry.terraform.io/hashicorp/aws\"]",
      "instances": [
        {
          "schema_version": 0,
          "attributes": {
            "api_id": "p9yktpi0r8",
            "connection_id": "",
            "connection_type": "INTERNET",
            "content_handling_strategy": "CONVERT_TO_TEXT",
            "credentials_arn": "",
            "description": "Lambda function",
            "id": "e3hwke1",
            "integration_method": "POST",
            "integration_response_selection_expression": "",
            "integration_subtype": "",
            "integration_type": "AWS_PROXY",
            "integration_uri": "arn:aws:apigateway:us-west-2:lambda:path/2015-03-31/functions/arn:aws:lambda:us-west-2:248836363492:function:word_select/invocations",
            "passthrough_behavior": "WHEN_NO_MATCH",
            "payload_format_version": "1.0",
            "request_parameters": null,
            "request_templates": null,
            "response_parameters": [],
            "template_selection_expression": "",
            "timeout_milliseconds": 29000,
            "tls_config": []
          },
          "sensitive_attributes": [],
          "private": "bnVsbA==",
          "dependencies": [
            "aws_apigatewayv2_api.words_ws_api",
            "aws_iam_role.lambda_role",
            "aws_lambda_function.word_select"
          ]
        }
      ]
    },
    {
      "mode": "managed",
      "type": "aws_apigatewayv2_integration_response",
      "name": "words_integration_responce",
      "provider": "provider[\"registry.terraform.io/hashicorp/aws\"]",
      "instances": [
        {
          "schema_version": 0,
          "attributes": {
            "api_id": "p9yktpi0r8",
            "content_handling_strategy": "",
            "id": "am3vfit",
            "integration_id": "e3hwke1",
            "integration_response_key": "/200/",
            "response_templates": null,
            "template_selection_expression": ""
          },
          "sensitive_attributes": [],
          "private": "bnVsbA==",
          "dependencies": [
            "aws_apigatewayv2_api.words_ws_api",
            "aws_apigatewayv2_integration.words_integration",
            "aws_iam_role.lambda_role",
            "aws_lambda_function.word_select"
          ]
        }
      ]
    },
    {
      "mode": "managed",
      "type": "aws_apigatewayv2_route",
      "name": "word_route",
      "provider": "provider[\"registry.terraform.io/hashicorp/aws\"]",
      "instances": [
        {
          "schema_version": 0,
          "attributes": {
            "api_id": "p9yktpi0r8",
            "api_key_required": false,
            "authorization_scopes": null,
            "authorization_type": "NONE",
            "authorizer_id": "",
            "id": "ozvvhgd",
            "model_selection_expression": "",
            "operation_name": "",
            "request_models": null,
            "route_key": "getword",
            "route_response_selection_expression": "",
            "target": "integrations/e3hwke1"
          },
          "sensitive_attributes": [],
          "private": "bnVsbA==",
          "dependencies": [
            "aws_apigatewayv2_api.words_ws_api",
            "aws_apigatewayv2_integration.words_integration",
            "aws_iam_role.lambda_role",
            "aws_lambda_function.word_select"
          ]
        }
      ]
    },
    {
      "mode": "managed",
      "type": "aws_apigatewayv2_route_response",
      "name": "word_route_response",
      "provider": "provider[\"registry.terraform.io/hashicorp/aws\"]",
      "instances": [
        {
          "schema_version": 0,
          "attributes": {
            "api_id": "p9yktpi0r8",
            "id": "vfschn",
            "model_selection_expression": "",
            "response_models": null,
            "route_id": "ozvvhgd",
            "route_response_key": "$default"
          },
          "sensitive_attributes": [],
          "private": "bnVsbA==",
          "dependencies": [
            "aws_apigatewayv2_api.words_ws_api",
            "aws_apigatewayv2_integration.words_integration",
            "aws_apigatewayv2_route.word_route",
            "aws_iam_role.lambda_role",
            "aws_lambda_function.word_select"
          ]
        }
      ]
    },
    {
      "mode": "managed",
      "type": "aws_apigatewayv2_stage",
      "name": "word-ws-api-stage",
      "provider": "provider[\"registry.terraform.io/hashicorp/aws\"]",
      "instances": [
        {
          "schema_version": 0,
          "attributes": {
            "access_log_settings": [],
            "api_id": "p9yktpi0r8",
            "arn": "arn:aws:apigateway:us-west-2::/apis/p9yktpi0r8/stages/getword",
            "auto_deploy": true,
            "client_certificate_id": "",
            "default_route_settings": [
              {
                "data_trace_enabled": false,
                "detailed_metrics_enabled": false,
                "logging_level": "OFF",
                "throttling_burst_limit": 0,
                "throttling_rate_limit": 0
              }
            ],
            "deployment_id": "",
            "description": "",
            "execution_arn": "arn:aws:execute-api:us-west-2:248836363492:p9yktpi0r8/getword",
            "id": "getword",
            "invoke_url": "wss://p9yktpi0r8.execute-api.us-west-2.amazonaws.com/getword",
            "name": "getword",
            "route_settings": [],
            "stage_variables": null,
            "tags": null
          },
          "sensitive_attributes": [],
          "private": "bnVsbA==",
          "dependencies": [
            "aws_apigatewayv2_api.words_ws_api",
            "aws_apigatewayv2_integration.words_integration",
            "aws_apigatewayv2_route.word_route",
            "aws_iam_role.lambda_role",
            "aws_lambda_function.word_select"
          ]
        }
      ]
    },
    {
      "mode": "managed",
      "type": "aws_dynamodb_table",
      "name": "words",
      "provider": "provider[\"registry.terraform.io/hashicorp/aws\"]",
      "instances": [
        {
          "schema_version": 1,
          "attributes": {
            "arn": "arn:aws:dynamodb:us-west-2:248836363492:table/Words",
            "attribute": [
              {
                "name": "Word",
                "type": "S"
              }
            ],
            "billing_mode": "PROVISIONED",
            "global_secondary_index": [],
            "hash_key": "Word",
            "id": "Words",
            "local_secondary_index": [],
            "name": "Words",
            "point_in_time_recovery": [
              {
                "enabled": false
              }
            ],
            "range_key": null,
            "read_capacity": 1,
            "replica": [],
            "server_side_encryption": [],
            "stream_arn": "",
            "stream_enabled": false,
            "stream_label": "",
            "stream_view_type": "",
            "tags": {
              "Name": "dynamodb-words"
            },
            "timeouts": null,
            "ttl": [
              {
                "attribute_name": "",
                "enabled": false
              }
            ],
            "write_capacity": 1
          },
          "sensitive_attributes": [],
          "private": "eyJlMmJmYjczMC1lY2FhLTExZTYtOGY4OC0zNDM2M2JjN2M0YzAiOnsiY3JlYXRlIjo2MDAwMDAwMDAwMDAsImRlbGV0ZSI6NjAwMDAwMDAwMDAwLCJ1cGRhdGUiOjM2MDAwMDAwMDAwMDB9LCJzY2hlbWFfdmVyc2lvbiI6IjEifQ=="
        }
      ]
    },
    {
      "mode": "managed",
      "type": "aws_dynamodb_table_item",
      "name": "words_item",
      "provider": "provider[\"registry.terraform.io/hashicorp/aws\"]",
      "instances": [
        {
          "index_key": 0,
          "schema_version": 0,
          "attributes": {
            "hash_key": "Word",
            "id": "Words|Word||car|",
            "item": "{\r\n  \"Word\": {\"S\": \"car\"}\r\n}\r\n",
            "range_key": null,
            "table_name": "Words"
          },
          "sensitive_attributes": [],
          "private": "bnVsbA==",
          "dependencies": [
            "aws_dynamodb_table.words"
          ]
        },
        {
          "index_key": 1,
          "schema_version": 0,
          "attributes": {
            "hash_key": "Word",
            "id": "Words|Word||banana|",
            "item": "{\r\n  \"Word\": {\"S\": \"banana\"}\r\n}\r\n",
            "range_key": null,
            "table_name": "Words"
          },
          "sensitive_attributes": [],
          "private": "bnVsbA==",
          "dependencies": [
            "aws_dynamodb_table.words"
          ]
        },
        {
          "index_key": 2,
          "schema_version": 0,
          "attributes": {
            "hash_key": "Word",
            "id": "Words|Word||water|",
            "item": "{\r\n  \"Word\": {\"S\": \"water\"}\r\n}\r\n",
            "range_key": null,
            "table_name": "Words"
          },
          "sensitive_attributes": [],
          "private": "bnVsbA==",
          "dependencies": [
            "aws_dynamodb_table.words"
          ]
        },
        {
          "index_key": 3,
          "schema_version": 0,
          "attributes": {
            "hash_key": "Word",
            "id": "Words|Word||cup|",
            "item": "{\r\n  \"Word\": {\"S\": \"cup\"}\r\n}\r\n",
            "range_key": null,
            "table_name": "Words"
          },
          "sensitive_attributes": [],
          "private": "bnVsbA==",
          "dependencies": [
            "aws_dynamodb_table.words"
          ]
        },
        {
          "index_key": 4,
          "schema_version": 0,
          "attributes": {
            "hash_key": "Word",
            "id": "Words|Word||dog|",
            "item": "{\r\n  \"Word\": {\"S\": \"dog\"}\r\n}\r\n",
            "range_key": null,
            "table_name": "Words"
          },
          "sensitive_attributes": [],
          "private": "bnVsbA==",
          "dependencies": [
            "aws_dynamodb_table.words"
          ]
        },
        {
          "index_key": 5,
          "schema_version": 0,
          "attributes": {
            "hash_key": "Word",
            "id": "Words|Word||map|",
            "item": "{\r\n  \"Word\": {\"S\": \"map\"}\r\n}\r\n",
            "range_key": null,
            "table_name": "Words"
          },
          "sensitive_attributes": [],
          "private": "bnVsbA==",
          "dependencies": [
            "aws_dynamodb_table.words"
          ]
        },
        {
          "index_key": 6,
          "schema_version": 0,
          "attributes": {
            "hash_key": "Word",
            "id": "Words|Word||cat|",
            "item": "{\r\n  \"Word\": {\"S\": \"cat\"}\r\n}\r\n",
            "range_key": null,
            "table_name": "Words"
          },
          "sensitive_attributes": [],
          "private": "bnVsbA==",
          "dependencies": [
            "aws_dynamodb_table.words"
          ]
        },
        {
          "index_key": 7,
          "schema_version": 0,
          "attributes": {
            "hash_key": "Word",
            "id": "Words|Word||apple|",
            "item": "{\r\n  \"Word\": {\"S\": \"apple\"}\r\n}\r\n",
            "range_key": null,
            "table_name": "Words"
          },
          "sensitive_attributes": [],
          "private": "bnVsbA==",
          "dependencies": [
            "aws_dynamodb_table.words"
          ]
        },
        {
          "index_key": 8,
          "schema_version": 0,
          "attributes": {
            "hash_key": "Word",
            "id": "Words|Word||table|",
            "item": "{\r\n  \"Word\": {\"S\": \"table\"}\r\n}\r\n",
            "range_key": null,
            "table_name": "Words"
          },
          "sensitive_attributes": [],
          "private": "bnVsbA==",
          "dependencies": [
            "aws_dynamodb_table.words"
          ]
        },
        {
          "index_key": 9,
          "schema_version": 0,
          "attributes": {
            "hash_key": "Word",
            "id": "Words|Word||chair|",
            "item": "{\r\n  \"Word\": {\"S\": \"chair\"}\r\n}\r\n",
            "range_key": null,
            "table_name": "Words"
          },
          "sensitive_attributes": [],
          "private": "bnVsbA==",
          "dependencies": [
            "aws_dynamodb_table.words"
          ]
        },
        {
          "index_key": 10,
          "schema_version": 0,
          "attributes": {
            "hash_key": "Word",
            "id": "Words|Word||hair|",
            "item": "{\r\n  \"Word\": {\"S\": \"hair\"}\r\n}\r\n",
            "range_key": null,
            "table_name": "Words"
          },
          "sensitive_attributes": [],
          "private": "bnVsbA==",
          "dependencies": [
            "aws_dynamodb_table.words"
          ]
        },
        {
          "index_key": 11,
          "schema_version": 0,
          "attributes": {
            "hash_key": "Word",
            "id": "Words|Word||brother|",
            "item": "{\r\n  \"Word\": {\"S\": \"brother\"}\r\n}\r\n",
            "range_key": null,
            "table_name": "Words"
          },
          "sensitive_attributes": [],
          "private": "bnVsbA==",
          "dependencies": [
            "aws_dynamodb_table.words"
          ]
        }
      ]
    },
    {
      "mode": "managed",
      "type": "aws_iam_role",
      "name": "lambda_role",
      "provider": "provider[\"registry.terraform.io/hashicorp/aws\"]",
      "instances": [
        {
          "schema_version": 0,
          "attributes": {
            "arn": "arn:aws:iam::248836363492:role/Lambda_DynamoDB_ReadOnly",
            "assume_role_policy": "{\"Version\":\"2012-10-17\",\"Statement\":[{\"Sid\":\"\",\"Effect\":\"Allow\",\"Principal\":{\"Service\":\"lambda.amazonaws.com\"},\"Action\":\"sts:AssumeRole\"}]}",
            "create_date": "2021-03-08T19:02:31Z",
            "description": "",
            "force_detach_policies": false,
            "id": "Lambda_DynamoDB_ReadOnly",
            "inline_policy": [
              {
                "name": "",
                "policy": ""
              }
            ],
            "managed_policy_arns": [],
            "max_session_duration": 3600,
            "name": "Lambda_DynamoDB_ReadOnly",
            "name_prefix": null,
            "path": "/",
            "permissions_boundary": null,
            "tags": {
              "Name": "Lambda_role_readonly_access_dynamodb"
            },
            "unique_id": "AROATT36NSTSDIIF4PINL"
          },
          "sensitive_attributes": [],
          "private": "bnVsbA=="
        }
      ]
    },
    {
      "mode": "managed",
      "type": "aws_iam_role_policy_attachment",
      "name": "lambda_role_attachment",
      "provider": "provider[\"registry.terraform.io/hashicorp/aws\"]",
      "instances": [
        {
          "schema_version": 0,
          "attributes": {
            "id": "Lambda_DynamoDB_ReadOnly-20210308190240115400000001",
            "policy_arn": "arn:aws:iam::aws:policy/AmazonDynamoDBReadOnlyAccess",
            "role": "Lambda_DynamoDB_ReadOnly"
          },
          "sensitive_attributes": [],
          "private": "bnVsbA==",
          "dependencies": [
            "aws_iam_role.lambda_role"
          ]
        }
      ]
    },
    {
      "mode": "managed",
      "type": "aws_lambda_function",
      "name": "word_select",
      "provider": "provider[\"registry.terraform.io/hashicorp/aws\"]",
      "instances": [
        {
          "schema_version": 0,
          "attributes": {
            "arn": "arn:aws:lambda:us-west-2:248836363492:function:word_select",
            "code_signing_config_arn": "",
            "dead_letter_config": [],
            "description": "",
            "environment": [],
            "file_system_config": [],
            "filename": "script/lambda_function.zip",
            "function_name": "word_select",
            "handler": "lambda_function.lambda_handler",
            "id": "word_select",
            "image_config": [],
            "image_uri": "",
            "invoke_arn": "arn:aws:apigateway:us-west-2:lambda:path/2015-03-31/functions/arn:aws:lambda:us-west-2:248836363492:function:word_select/invocations",
            "kms_key_arn": "",
            "last_modified": "2021-03-08T19:02:41.979+0000",
            "layers": null,
            "memory_size": 128,
            "package_type": "Zip",
            "publish": false,
            "qualified_arn": "arn:aws:lambda:us-west-2:248836363492:function:word_select:$LATEST",
            "reserved_concurrent_executions": -1,
            "role": "arn:aws:iam::248836363492:role/Lambda_DynamoDB_ReadOnly",
            "runtime": "python3.8",
            "s3_bucket": null,
            "s3_key": null,
            "s3_object_version": null,
            "signing_job_arn": "",
            "signing_profile_version_arn": "",
            "source_code_hash": "BE9jSxXTaL/Zzt1a/VKYavd4padztWNij2otJobwx8M=",
            "source_code_size": 358,
            "tags": {
              "Name": "Select-Word"
            },
            "timeout": 3,
            "timeouts": null,
            "tracing_config": [
              {
                "mode": "PassThrough"
              }
            ],
            "version": "$LATEST",
            "vpc_config": []
          },
          "sensitive_attributes": [],
          "private": "eyJlMmJmYjczMC1lY2FhLTExZTYtOGY4OC0zNDM2M2JjN2M0YzAiOnsiY3JlYXRlIjo2MDAwMDAwMDAwMDB9fQ==",
          "dependencies": [
            "aws_iam_role.lambda_role"
          ]
        }
      ]
    },
    {
      "mode": "managed",
      "type": "aws_lambda_permission",
      "name": "lambda_permission",
      "provider": "provider[\"registry.terraform.io/hashicorp/aws\"]",
      "instances": [
        {
          "schema_version": 0,
          "attributes": {
            "action": "lambda:InvokeFunction",
            "event_source_token": null,
            "function_name": "word_select",
            "id": "AllowAPIInvoke",
            "principal": "apigateway.amazonaws.com",
            "qualifier": "",
            "source_account": null,
            "source_arn": "arn:aws:execute-api:us-west-2:248836363492:p9yktpi0r8/*/getword",
            "statement_id": "AllowAPIInvoke",
            "statement_id_prefix": null
          },
          "sensitive_attributes": [],
          "private": "bnVsbA==",
          "dependencies": [
            "aws_apigatewayv2_api.words_ws_api",
            "aws_apigatewayv2_integration.words_integration",
            "aws_apigatewayv2_route.word_route",
            "aws_iam_role.lambda_role",
            "aws_lambda_function.word_select"
          ]
        }
      ]
    }
  ]
}
